Microsoft Visual Studio Solution File, Format Version 8.00
Project("{8BC9CEB8-8B4A-11D0-8D11-00A0C91BC942}") = "lrestool", "lrestool.vcproj", "{A1DD7A53-387D-4828-BDAD-07CCACA6BB4D}"
	ProjectSection(ProjectDependencies) = postProject
	EndProjectSection
EndProject
Global
	GlobalSection(SolutionConfiguration) = preSolution
		Debug = Debug
		Release = Release
	EndGlobalSection
	GlobalSection(ProjectConfiguration) = postSolution
		{A1DD7A53-387D-4828-BDAD-07CCACA6BB4D}.Debug.ActiveCfg = Debug|Win32
		{A1DD7A53-387D-4828-BDAD-07CCACA6BB4D}.Debug.Build.0 = Debug|Win32
		{A1DD7A53-387D-4828-BDAD-07CCACA6BB4D}.Release.ActiveCfg = Release|Win32
		{A1DD7A53-387D-4828-BDAD-07CCACA6BB4D}.Release.Build.0 = Release|Win32
	EndGlobalSection
	GlobalSection(ExtensibilityGlobals) = postSolution
	EndGlobalSection
	GlobalSection(ExtensibilityAddIns) = postSolution
	EndGlobalSection
EndGlobal
