Microsoft Visual Studio Solution File, Format Version 8.00
Project("{8BC9CEB8-8B4A-11D0-8D11-00A0C91BC942}") = "Classes Sizes", "Classes Sizes\Classes Sizes.vcproj", "{1E868A51-2AFF-494B-8BE0-E7A0205B88E4}"
	ProjectSection(ProjectDependencies) = postProject
	EndProjectSection
EndProject
Project("{8BC9CEB8-8B4A-11D0-8D11-00A0C91BC942}") = "HFCCon32", "HFCCon32\HFCCon32.vcproj", "{6D82EE6E-184C-4528-A264-FD16F6B96545}"
	ProjectSection(ProjectDependencies) = postProject
	EndProjectSection
EndProject
Project("{8BC9CEB8-8B4A-11D0-8D11-00A0C91BC942}") = "HFCLib32", "HFCLib32\HFCLib32.vcproj", "{31D2AE48-CEF3-4388-BF48-93D25691FB81}"
	ProjectSection(ProjectDependencies) = postProject
	EndProjectSection
EndProject
Project("{8BC9CEB8-8B4A-11D0-8D11-00A0C91BC942}") = "Benchmarks", "Benchmarks\Benchmarks.vcproj", "{092DAD60-5FC8-45CF-8A54-BF6CCE9D4C4D}"
	ProjectSection(ProjectDependencies) = postProject
	EndProjectSection
EndProject
Global
	GlobalSection(SolutionConfiguration) = preSolution
		Debug = Debug
		DebugMT = DebugMT
		DebugXP = DebugXP
		Logging = Logging
		Release = Release
		ReleaseLogging = ReleaseLogging
		ReleaseMT = ReleaseMT
		ReleaseXP = ReleaseXP
		RelLoggingMT = RelLoggingMT
	EndGlobalSection
	GlobalSection(ProjectConfiguration) = postSolution
		{1E868A51-2AFF-494B-8BE0-E7A0205B88E4}.Debug.ActiveCfg = Debug|Win32
		{1E868A51-2AFF-494B-8BE0-E7A0205B88E4}.Debug.Build.0 = Debug|Win32
		{1E868A51-2AFF-494B-8BE0-E7A0205B88E4}.DebugMT.ActiveCfg = Debug|Win32
		{1E868A51-2AFF-494B-8BE0-E7A0205B88E4}.DebugMT.Build.0 = Debug|Win32
		{1E868A51-2AFF-494B-8BE0-E7A0205B88E4}.DebugXP.ActiveCfg = Debug|Win32
		{1E868A51-2AFF-494B-8BE0-E7A0205B88E4}.DebugXP.Build.0 = Debug|Win32
		{1E868A51-2AFF-494B-8BE0-E7A0205B88E4}.Logging.ActiveCfg = Debug|Win32
		{1E868A51-2AFF-494B-8BE0-E7A0205B88E4}.Logging.Build.0 = Debug|Win32
		{1E868A51-2AFF-494B-8BE0-E7A0205B88E4}.Release.ActiveCfg = Release|Win32
		{1E868A51-2AFF-494B-8BE0-E7A0205B88E4}.Release.Build.0 = Release|Win32
		{1E868A51-2AFF-494B-8BE0-E7A0205B88E4}.ReleaseLogging.ActiveCfg = Release|Win32
		{1E868A51-2AFF-494B-8BE0-E7A0205B88E4}.ReleaseLogging.Build.0 = Release|Win32
		{1E868A51-2AFF-494B-8BE0-E7A0205B88E4}.ReleaseMT.ActiveCfg = Release|Win32
		{1E868A51-2AFF-494B-8BE0-E7A0205B88E4}.ReleaseMT.Build.0 = Release|Win32
		{1E868A51-2AFF-494B-8BE0-E7A0205B88E4}.ReleaseXP.ActiveCfg = Release|Win32
		{1E868A51-2AFF-494B-8BE0-E7A0205B88E4}.ReleaseXP.Build.0 = Release|Win32
		{1E868A51-2AFF-494B-8BE0-E7A0205B88E4}.RelLoggingMT.ActiveCfg = Release|Win32
		{1E868A51-2AFF-494B-8BE0-E7A0205B88E4}.RelLoggingMT.Build.0 = Release|Win32
		{6D82EE6E-184C-4528-A264-FD16F6B96545}.Debug.ActiveCfg = Debug|Win32
		{6D82EE6E-184C-4528-A264-FD16F6B96545}.Debug.Build.0 = Debug|Win32
		{6D82EE6E-184C-4528-A264-FD16F6B96545}.DebugMT.ActiveCfg = Debug|Win32
		{6D82EE6E-184C-4528-A264-FD16F6B96545}.DebugMT.Build.0 = Debug|Win32
		{6D82EE6E-184C-4528-A264-FD16F6B96545}.DebugXP.ActiveCfg = Debug|Win32
		{6D82EE6E-184C-4528-A264-FD16F6B96545}.DebugXP.Build.0 = Debug|Win32
		{6D82EE6E-184C-4528-A264-FD16F6B96545}.Logging.ActiveCfg = RelLogging|Win32
		{6D82EE6E-184C-4528-A264-FD16F6B96545}.Logging.Build.0 = RelLogging|Win32
		{6D82EE6E-184C-4528-A264-FD16F6B96545}.Release.ActiveCfg = Release|Win32
		{6D82EE6E-184C-4528-A264-FD16F6B96545}.Release.Build.0 = Release|Win32
		{6D82EE6E-184C-4528-A264-FD16F6B96545}.ReleaseLogging.ActiveCfg = Release|Win32
		{6D82EE6E-184C-4528-A264-FD16F6B96545}.ReleaseLogging.Build.0 = Release|Win32
		{6D82EE6E-184C-4528-A264-FD16F6B96545}.ReleaseMT.ActiveCfg = Release|Win32
		{6D82EE6E-184C-4528-A264-FD16F6B96545}.ReleaseMT.Build.0 = Release|Win32
		{6D82EE6E-184C-4528-A264-FD16F6B96545}.ReleaseXP.ActiveCfg = Release|Win32
		{6D82EE6E-184C-4528-A264-FD16F6B96545}.ReleaseXP.Build.0 = Release|Win32
		{6D82EE6E-184C-4528-A264-FD16F6B96545}.RelLoggingMT.ActiveCfg = RelLogging|Win32
		{6D82EE6E-184C-4528-A264-FD16F6B96545}.RelLoggingMT.Build.0 = RelLogging|Win32
		{31D2AE48-CEF3-4388-BF48-93D25691FB81}.Debug.ActiveCfg = Release|Win32
		{31D2AE48-CEF3-4388-BF48-93D25691FB81}.Debug.Build.0 = Release|Win32
		{31D2AE48-CEF3-4388-BF48-93D25691FB81}.DebugMT.ActiveCfg = DebugMT|Win32
		{31D2AE48-CEF3-4388-BF48-93D25691FB81}.DebugMT.Build.0 = DebugMT|Win32
		{31D2AE48-CEF3-4388-BF48-93D25691FB81}.DebugXP.ActiveCfg = Debug|Win32
		{31D2AE48-CEF3-4388-BF48-93D25691FB81}.DebugXP.Build.0 = Debug|Win32
		{31D2AE48-CEF3-4388-BF48-93D25691FB81}.Logging.ActiveCfg = RelLogging|Win32
		{31D2AE48-CEF3-4388-BF48-93D25691FB81}.Logging.Build.0 = RelLogging|Win32
		{31D2AE48-CEF3-4388-BF48-93D25691FB81}.Release.ActiveCfg = RelLogging|Win32
		{31D2AE48-CEF3-4388-BF48-93D25691FB81}.Release.Build.0 = RelLogging|Win32
		{31D2AE48-CEF3-4388-BF48-93D25691FB81}.ReleaseLogging.ActiveCfg = Release|Win32
		{31D2AE48-CEF3-4388-BF48-93D25691FB81}.ReleaseLogging.Build.0 = Release|Win32
		{31D2AE48-CEF3-4388-BF48-93D25691FB81}.ReleaseMT.ActiveCfg = ReleaseMT|Win32
		{31D2AE48-CEF3-4388-BF48-93D25691FB81}.ReleaseMT.Build.0 = ReleaseMT|Win32
		{31D2AE48-CEF3-4388-BF48-93D25691FB81}.ReleaseXP.ActiveCfg = Release|Win32
		{31D2AE48-CEF3-4388-BF48-93D25691FB81}.ReleaseXP.Build.0 = Release|Win32
		{31D2AE48-CEF3-4388-BF48-93D25691FB81}.RelLoggingMT.ActiveCfg = RelLoggingMT|Win32
		{31D2AE48-CEF3-4388-BF48-93D25691FB81}.RelLoggingMT.Build.0 = RelLoggingMT|Win32
		{092DAD60-5FC8-45CF-8A54-BF6CCE9D4C4D}.Debug.ActiveCfg = Debug|Win32
		{092DAD60-5FC8-45CF-8A54-BF6CCE9D4C4D}.Debug.Build.0 = Debug|Win32
		{092DAD60-5FC8-45CF-8A54-BF6CCE9D4C4D}.DebugMT.ActiveCfg = Debug|Win32
		{092DAD60-5FC8-45CF-8A54-BF6CCE9D4C4D}.DebugMT.Build.0 = Debug|Win32
		{092DAD60-5FC8-45CF-8A54-BF6CCE9D4C4D}.DebugXP.ActiveCfg = Debug|Win32
		{092DAD60-5FC8-45CF-8A54-BF6CCE9D4C4D}.DebugXP.Build.0 = Debug|Win32
		{092DAD60-5FC8-45CF-8A54-BF6CCE9D4C4D}.Logging.ActiveCfg = Release|Win32
		{092DAD60-5FC8-45CF-8A54-BF6CCE9D4C4D}.Logging.Build.0 = Release|Win32
		{092DAD60-5FC8-45CF-8A54-BF6CCE9D4C4D}.Release.ActiveCfg = Release|Win32
		{092DAD60-5FC8-45CF-8A54-BF6CCE9D4C4D}.Release.Build.0 = Release|Win32
		{092DAD60-5FC8-45CF-8A54-BF6CCE9D4C4D}.ReleaseLogging.ActiveCfg = Release|Win32
		{092DAD60-5FC8-45CF-8A54-BF6CCE9D4C4D}.ReleaseLogging.Build.0 = Release|Win32
		{092DAD60-5FC8-45CF-8A54-BF6CCE9D4C4D}.ReleaseMT.ActiveCfg = Release|Win32
		{092DAD60-5FC8-45CF-8A54-BF6CCE9D4C4D}.ReleaseMT.Build.0 = Release|Win32
		{092DAD60-5FC8-45CF-8A54-BF6CCE9D4C4D}.ReleaseXP.ActiveCfg = Release|Win32
		{092DAD60-5FC8-45CF-8A54-BF6CCE9D4C4D}.ReleaseXP.Build.0 = Release|Win32
		{092DAD60-5FC8-45CF-8A54-BF6CCE9D4C4D}.RelLoggingMT.ActiveCfg = Release|Win32
		{092DAD60-5FC8-45CF-8A54-BF6CCE9D4C4D}.RelLoggingMT.Build.0 = Release|Win32
	EndGlobalSection
	GlobalSection(ExtensibilityGlobals) = postSolution
	EndGlobalSection
	GlobalSection(ExtensibilityAddIns) = postSolution
	EndGlobalSection
EndGlobal
