Microsoft Visual Studio Solution File, Format Version 9.00
# Visual Studio 2005
Project("{8BC9CEB8-8B4A-11D0-8D11-00A0C91BC942}") = "Classes Sizes", "Classes Sizes\Classes Sizes.vcproj", "{1E868A51-2AFF-494B-8BE0-E7A0205B88E4}"
EndProject
Project("{8BC9CEB8-8B4A-11D0-8D11-00A0C91BC942}") = "HFCCon32", "HFCCon32\HFCCon32.vcproj", "{6D82EE6E-184C-4528-A264-FD16F6B96545}"
EndProject
Project("{8BC9CEB8-8B4A-11D0-8D11-00A0C91BC942}") = "HFCLib32", "HFCLib32\HFCLib32.vcproj", "{31D2AE48-CEF3-4388-BF48-93D25691FB81}"
EndProject
Project("{8BC9CEB8-8B4A-11D0-8D11-00A0C91BC942}") = "Benchmarks", "Benchmarks\Benchmarks.vcproj", "{092DAD60-5FC8-45CF-8A54-BF6CCE9D4C4D}"
EndProject
Global
	GlobalSection(SolutionConfigurationPlatforms) = preSolution
		Debug|Win32 = Debug|Win32
		DebugMT|Win32 = DebugMT|Win32
		DebugXP|Win32 = DebugXP|Win32
		Logging|Win32 = Logging|Win32
		Release|Win32 = Release|Win32
		ReleaseLogging|Win32 = ReleaseLogging|Win32
		ReleaseMT|Win32 = ReleaseMT|Win32
		ReleaseXP|Win32 = ReleaseXP|Win32
		RelLogging|Win32 = RelLogging|Win32
		RelLoggingMT|Win32 = RelLoggingMT|Win32
	EndGlobalSection
	GlobalSection(ProjectConfigurationPlatforms) = postSolution
		{1E868A51-2AFF-494B-8BE0-E7A0205B88E4}.Debug|Win32.ActiveCfg = Debug|Win32
		{1E868A51-2AFF-494B-8BE0-E7A0205B88E4}.Debug|Win32.Build.0 = Debug|Win32
		{1E868A51-2AFF-494B-8BE0-E7A0205B88E4}.DebugMT|Win32.ActiveCfg = Debug|Win32
		{1E868A51-2AFF-494B-8BE0-E7A0205B88E4}.DebugMT|Win32.Build.0 = Debug|Win32
		{1E868A51-2AFF-494B-8BE0-E7A0205B88E4}.DebugXP|Win32.ActiveCfg = Debug|Win32
		{1E868A51-2AFF-494B-8BE0-E7A0205B88E4}.DebugXP|Win32.Build.0 = Debug|Win32
		{1E868A51-2AFF-494B-8BE0-E7A0205B88E4}.Logging|Win32.ActiveCfg = Debug|Win32
		{1E868A51-2AFF-494B-8BE0-E7A0205B88E4}.Logging|Win32.Build.0 = Debug|Win32
		{1E868A51-2AFF-494B-8BE0-E7A0205B88E4}.Release|Win32.ActiveCfg = Release|Win32
		{1E868A51-2AFF-494B-8BE0-E7A0205B88E4}.Release|Win32.Build.0 = Release|Win32
		{1E868A51-2AFF-494B-8BE0-E7A0205B88E4}.ReleaseLogging|Win32.ActiveCfg = Release|Win32
		{1E868A51-2AFF-494B-8BE0-E7A0205B88E4}.ReleaseLogging|Win32.Build.0 = Release|Win32
		{1E868A51-2AFF-494B-8BE0-E7A0205B88E4}.ReleaseMT|Win32.ActiveCfg = Release|Win32
		{1E868A51-2AFF-494B-8BE0-E7A0205B88E4}.ReleaseMT|Win32.Build.0 = Release|Win32
		{1E868A51-2AFF-494B-8BE0-E7A0205B88E4}.ReleaseXP|Win32.ActiveCfg = Release|Win32
		{1E868A51-2AFF-494B-8BE0-E7A0205B88E4}.ReleaseXP|Win32.Build.0 = Release|Win32
		{1E868A51-2AFF-494B-8BE0-E7A0205B88E4}.RelLogging|Win32.ActiveCfg = Release|Win32
		{1E868A51-2AFF-494B-8BE0-E7A0205B88E4}.RelLogging|Win32.Build.0 = Release|Win32
		{1E868A51-2AFF-494B-8BE0-E7A0205B88E4}.RelLoggingMT|Win32.ActiveCfg = Release|Win32
		{1E868A51-2AFF-494B-8BE0-E7A0205B88E4}.RelLoggingMT|Win32.Build.0 = Release|Win32
		{6D82EE6E-184C-4528-A264-FD16F6B96545}.Debug|Win32.ActiveCfg = Debug|Win32
		{6D82EE6E-184C-4528-A264-FD16F6B96545}.Debug|Win32.Build.0 = Debug|Win32
		{6D82EE6E-184C-4528-A264-FD16F6B96545}.DebugMT|Win32.ActiveCfg = Debug|Win32
		{6D82EE6E-184C-4528-A264-FD16F6B96545}.DebugMT|Win32.Build.0 = Debug|Win32
		{6D82EE6E-184C-4528-A264-FD16F6B96545}.DebugXP|Win32.ActiveCfg = Debug|Win32
		{6D82EE6E-184C-4528-A264-FD16F6B96545}.DebugXP|Win32.Build.0 = Debug|Win32
		{6D82EE6E-184C-4528-A264-FD16F6B96545}.Logging|Win32.ActiveCfg = RelLogging|Win32
		{6D82EE6E-184C-4528-A264-FD16F6B96545}.Logging|Win32.Build.0 = RelLogging|Win32
		{6D82EE6E-184C-4528-A264-FD16F6B96545}.Release|Win32.ActiveCfg = Release|Win32
		{6D82EE6E-184C-4528-A264-FD16F6B96545}.Release|Win32.Build.0 = Release|Win32
		{6D82EE6E-184C-4528-A264-FD16F6B96545}.ReleaseLogging|Win32.ActiveCfg = Release|Win32
		{6D82EE6E-184C-4528-A264-FD16F6B96545}.ReleaseLogging|Win32.Build.0 = Release|Win32
		{6D82EE6E-184C-4528-A264-FD16F6B96545}.ReleaseMT|Win32.ActiveCfg = Release|Win32
		{6D82EE6E-184C-4528-A264-FD16F6B96545}.ReleaseMT|Win32.Build.0 = Release|Win32
		{6D82EE6E-184C-4528-A264-FD16F6B96545}.ReleaseXP|Win32.ActiveCfg = Release|Win32
		{6D82EE6E-184C-4528-A264-FD16F6B96545}.ReleaseXP|Win32.Build.0 = Release|Win32
		{6D82EE6E-184C-4528-A264-FD16F6B96545}.RelLogging|Win32.ActiveCfg = RelLogging|Win32
		{6D82EE6E-184C-4528-A264-FD16F6B96545}.RelLogging|Win32.Build.0 = RelLogging|Win32
		{6D82EE6E-184C-4528-A264-FD16F6B96545}.RelLoggingMT|Win32.ActiveCfg = RelLogging|Win32
		{6D82EE6E-184C-4528-A264-FD16F6B96545}.RelLoggingMT|Win32.Build.0 = RelLogging|Win32
		{31D2AE48-CEF3-4388-BF48-93D25691FB81}.Debug|Win32.ActiveCfg = Release|Win32
		{31D2AE48-CEF3-4388-BF48-93D25691FB81}.Debug|Win32.Build.0 = Release|Win32
		{31D2AE48-CEF3-4388-BF48-93D25691FB81}.DebugMT|Win32.ActiveCfg = DebugMT|Win32
		{31D2AE48-CEF3-4388-BF48-93D25691FB81}.DebugMT|Win32.Build.0 = DebugMT|Win32
		{31D2AE48-CEF3-4388-BF48-93D25691FB81}.DebugXP|Win32.ActiveCfg = Debug|Win32
		{31D2AE48-CEF3-4388-BF48-93D25691FB81}.DebugXP|Win32.Build.0 = Debug|Win32
		{31D2AE48-CEF3-4388-BF48-93D25691FB81}.Logging|Win32.ActiveCfg = RelLogging|Win32
		{31D2AE48-CEF3-4388-BF48-93D25691FB81}.Logging|Win32.Build.0 = RelLogging|Win32
		{31D2AE48-CEF3-4388-BF48-93D25691FB81}.Release|Win32.ActiveCfg = RelLogging|Win32
		{31D2AE48-CEF3-4388-BF48-93D25691FB81}.Release|Win32.Build.0 = RelLogging|Win32
		{31D2AE48-CEF3-4388-BF48-93D25691FB81}.ReleaseLogging|Win32.ActiveCfg = Release|Win32
		{31D2AE48-CEF3-4388-BF48-93D25691FB81}.ReleaseLogging|Win32.Build.0 = Release|Win32
		{31D2AE48-CEF3-4388-BF48-93D25691FB81}.ReleaseMT|Win32.ActiveCfg = ReleaseMT|Win32
		{31D2AE48-CEF3-4388-BF48-93D25691FB81}.ReleaseMT|Win32.Build.0 = ReleaseMT|Win32
		{31D2AE48-CEF3-4388-BF48-93D25691FB81}.ReleaseXP|Win32.ActiveCfg = Release|Win32
		{31D2AE48-CEF3-4388-BF48-93D25691FB81}.ReleaseXP|Win32.Build.0 = Release|Win32
		{31D2AE48-CEF3-4388-BF48-93D25691FB81}.RelLogging|Win32.ActiveCfg = RelLogging|Win32
		{31D2AE48-CEF3-4388-BF48-93D25691FB81}.RelLogging|Win32.Build.0 = RelLogging|Win32
		{31D2AE48-CEF3-4388-BF48-93D25691FB81}.RelLoggingMT|Win32.ActiveCfg = RelLoggingMT|Win32
		{31D2AE48-CEF3-4388-BF48-93D25691FB81}.RelLoggingMT|Win32.Build.0 = RelLoggingMT|Win32
		{092DAD60-5FC8-45CF-8A54-BF6CCE9D4C4D}.Debug|Win32.ActiveCfg = Debug|Win32
		{092DAD60-5FC8-45CF-8A54-BF6CCE9D4C4D}.Debug|Win32.Build.0 = Debug|Win32
		{092DAD60-5FC8-45CF-8A54-BF6CCE9D4C4D}.DebugMT|Win32.ActiveCfg = Debug|Win32
		{092DAD60-5FC8-45CF-8A54-BF6CCE9D4C4D}.DebugMT|Win32.Build.0 = Debug|Win32
		{092DAD60-5FC8-45CF-8A54-BF6CCE9D4C4D}.DebugXP|Win32.ActiveCfg = Debug|Win32
		{092DAD60-5FC8-45CF-8A54-BF6CCE9D4C4D}.DebugXP|Win32.Build.0 = Debug|Win32
		{092DAD60-5FC8-45CF-8A54-BF6CCE9D4C4D}.Logging|Win32.ActiveCfg = Release|Win32
		{092DAD60-5FC8-45CF-8A54-BF6CCE9D4C4D}.Logging|Win32.Build.0 = Release|Win32
		{092DAD60-5FC8-45CF-8A54-BF6CCE9D4C4D}.Release|Win32.ActiveCfg = Release|Win32
		{092DAD60-5FC8-45CF-8A54-BF6CCE9D4C4D}.Release|Win32.Build.0 = Release|Win32
		{092DAD60-5FC8-45CF-8A54-BF6CCE9D4C4D}.ReleaseLogging|Win32.ActiveCfg = Release|Win32
		{092DAD60-5FC8-45CF-8A54-BF6CCE9D4C4D}.ReleaseLogging|Win32.Build.0 = Release|Win32
		{092DAD60-5FC8-45CF-8A54-BF6CCE9D4C4D}.ReleaseMT|Win32.ActiveCfg = Release|Win32
		{092DAD60-5FC8-45CF-8A54-BF6CCE9D4C4D}.ReleaseMT|Win32.Build.0 = Release|Win32
		{092DAD60-5FC8-45CF-8A54-BF6CCE9D4C4D}.ReleaseXP|Win32.ActiveCfg = Release|Win32
		{092DAD60-5FC8-45CF-8A54-BF6CCE9D4C4D}.ReleaseXP|Win32.Build.0 = Release|Win32
		{092DAD60-5FC8-45CF-8A54-BF6CCE9D4C4D}.RelLogging|Win32.ActiveCfg = Release|Win32
		{092DAD60-5FC8-45CF-8A54-BF6CCE9D4C4D}.RelLogging|Win32.Build.0 = Release|Win32
		{092DAD60-5FC8-45CF-8A54-BF6CCE9D4C4D}.RelLoggingMT|Win32.ActiveCfg = Release|Win32
		{092DAD60-5FC8-45CF-8A54-BF6CCE9D4C4D}.RelLoggingMT|Win32.Build.0 = Release|Win32
	EndGlobalSection
	GlobalSection(SolutionProperties) = preSolution
		HideSolutionNode = FALSE
	EndGlobalSection
EndGlobal
